
Microsoft Visual Studio Solution File, Format Version 12.00
# Visual Studio Version 17
VisualStudioVersion = 17.9.34622.214
MinimumVisualStudioVersion = 10.0.40219.1
Project("{FAE04EC0-301F-11D3-BF4B-00C04F79EFBC}") = "TdBlog.Api", "src\TdBlog.Api\TdBlog.Api.csproj", "{B4179E2F-4664-4F7A-A316-7B89AD726201}"
EndProject
Project("{FAE04EC0-301F-11D3-BF4B-00C04F79EFBC}") = "TdBlog.Core", "src\TdBlog.Core\TdBlog.Core.csproj", "{FB5E3B2E-3321-47CA-951A-43AC8DCBFA9C}"
EndProject
Project("{FAE04EC0-301F-11D3-BF4B-00C04F79EFBC}") = "TdBlog.Data", "src\TdBlog.Data\TdBlog.Data.csproj", "{BA11F2D4-23C9-4505-BBF7-3B47334FC73C}"
EndProject
Project("{FAE04EC0-301F-11D3-BF4B-00C04F79EFBC}") = "TdBlog.WebApp", "src\TdBlog.WebApp\TdBlog.WebApp.csproj", "{475A8468-F504-4231-B0E6-81762861C3D5}"
EndProject
Global
	GlobalSection(SolutionConfigurationPlatforms) = preSolution
		Debug|Any CPU = Debug|Any CPU
		Release|Any CPU = Release|Any CPU
	EndGlobalSection
	GlobalSection(ProjectConfigurationPlatforms) = postSolution
		{B4179E2F-4664-4F7A-A316-7B89AD726201}.Debug|Any CPU.ActiveCfg = Debug|Any CPU
		{B4179E2F-4664-4F7A-A316-7B89AD726201}.Debug|Any CPU.Build.0 = Debug|Any CPU
		{B4179E2F-4664-4F7A-A316-7B89AD726201}.Release|Any CPU.ActiveCfg = Release|Any CPU
		{B4179E2F-4664-4F7A-A316-7B89AD726201}.Release|Any CPU.Build.0 = Release|Any CPU
		{FB5E3B2E-3321-47CA-951A-43AC8DCBFA9C}.Debug|Any CPU.ActiveCfg = Debug|Any CPU
		{FB5E3B2E-3321-47CA-951A-43AC8DCBFA9C}.Debug|Any CPU.Build.0 = Debug|Any CPU
		{FB5E3B2E-3321-47CA-951A-43AC8DCBFA9C}.Release|Any CPU.ActiveCfg = Release|Any CPU
		{FB5E3B2E-3321-47CA-951A-43AC8DCBFA9C}.Release|Any CPU.Build.0 = Release|Any CPU
		{BA11F2D4-23C9-4505-BBF7-3B47334FC73C}.Debug|Any CPU.ActiveCfg = Debug|Any CPU
		{BA11F2D4-23C9-4505-BBF7-3B47334FC73C}.Debug|Any CPU.Build.0 = Debug|Any CPU
		{BA11F2D4-23C9-4505-BBF7-3B47334FC73C}.Release|Any CPU.ActiveCfg = Release|Any CPU
		{BA11F2D4-23C9-4505-BBF7-3B47334FC73C}.Release|Any CPU.Build.0 = Release|Any CPU
		{475A8468-F504-4231-B0E6-81762861C3D5}.Debug|Any CPU.ActiveCfg = Debug|Any CPU
		{475A8468-F504-4231-B0E6-81762861C3D5}.Debug|Any CPU.Build.0 = Debug|Any CPU
		{475A8468-F504-4231-B0E6-81762861C3D5}.Release|Any CPU.ActiveCfg = Release|Any CPU
		{475A8468-F504-4231-B0E6-81762861C3D5}.Release|Any CPU.Build.0 = Release|Any CPU
	EndGlobalSection
	GlobalSection(SolutionProperties) = preSolution
		HideSolutionNode = FALSE
	EndGlobalSection
	GlobalSection(ExtensibilityGlobals) = postSolution
		SolutionGuid = {D8E1A421-0495-4C0F-9C89-82CEF457A1A2}
	EndGlobalSection
EndGlobal
